// !$*UTF8*$!
{
	archiveVersion = 1;
	classes = {
	};
	objectVersion = 50;
	objects = {

/* Begin PBXBuildFile section */
		60CDD50222769F9400C501ED /* SCTAppDelegate.m in Sources */ = {isa = PBXBuildFile; fileRef = 60CDD50122769F9400C501ED /* SCTAppDelegate.m */; };
		60CDD50522769F9400C501ED /* SCTViewController.m in Sources */ = {isa = PBXBuildFile; fileRef = 60CDD50422769F9400C501ED /* SCTViewController.m */; };
		60CDD50822769F9400C501ED /* Main.storyboard in Resources */ = {isa = PBXBuildFile; fileRef = 60CDD50622769F9400C501ED /* Main.storyboard */; };
		60CDD50A22769F9500C501ED /* Assets.xcassets in Resources */ = {isa = PBXBuildFile; fileRef = 60CDD50922769F9500C501ED /* Assets.xcassets */; };
		60CDD50D22769F9500C501ED /* LaunchScreen.storyboard in Resources */ = {isa = PBXBuildFile; fileRef = 60CDD50B22769F9500C501ED /* LaunchScreen.storyboard */; };
		60CDD51022769F9500C501ED /* main.m in Sources */ = {isa = PBXBuildFile; fileRef = 60CDD50F22769F9500C501ED /* main.m */; };
		60CDD5172276A09800C501ED /* Image.jpg in Resources */ = {isa = PBXBuildFile; fileRef = 60CDD5162276A09800C501ED /* Image.jpg */; };
		60CDD51D2276A0DF00C501ED /* UIImage+ImageEffects.m in Sources */ = {isa = PBXBuildFile; fileRef = 60CDD51C2276A0DF00C501ED /* UIImage+ImageEffects.m */; };
/* End PBXBuildFile section */

/* Begin PBXFileReference section */
		60CDD4FD22769F9400C501ED /* BlurDemo.app */ = {isa = PBXFileReference; explicitFileType = wrapper.application; includeInIndex = 0; path = BlurDemo.app; sourceTree = BUILT_PRODUCTS_DIR; };
		60CDD50022769F9400C501ED /* SCTAppDelegate.h */ = {isa = PBXFileReference; lastKnownFileType = sourcecode.c.h; path = SCTAppDelegate.h; sourceTree = "<group>"; };
		60CDD50122769F9400C501ED /* SCTAppDelegate.m */ = {isa = PBXFileReference; lastKnownFileType = sourcecode.c.objc; path = SCTAppDelegate.m; sourceTree = "<group>"; };
		60CDD50322769F9400C501ED /* SCTViewController.h */ = {isa = PBXFileReference; lastKnownFileType = sourcecode.c.h; path = SCTViewController.h; sourceTree = "<group>"; };
		60CDD50422769F9400C501ED /* SCTViewController.m */ = {isa = PBXFileReference; lastKnownFileType = sourcecode.c.objc; path = SCTViewController.m; sourceTree = "<group>"; };
		60CDD50722769F9400C501ED /* Base */ = {isa = PBXFileReference; lastKnownFileType = file.storyboard; name = Base; path = Base.lproj/Main.storyboard; sourceTree = "<group>"; };
		60CDD50922769F9500C501ED /* Assets.xcassets */ = {isa = PBXFileReference; lastKnownFileType = folder.assetcatalog; path = Assets.xcassets; sourceTree = "<group>"; };
		60CDD50C22769F9500C501ED /* Base */ = {isa = PBXFileReference; lastKnownFileType = file.storyboard; name = Base; path = Base.lproj/LaunchScreen.storyboard; sourceTree = "<group>"; };
		60CDD50E22769F9500C501ED /* Info.plist */ = {isa = PBXFileReference; lastKnownFileType = text.plist.xml; path = Info.plist; sourceTree = "<group>"; };
		60CDD50F22769F9500C501ED /* main.m */ = {isa = PBXFileReference; lastKnownFileType = sourcecode.c.objc; path = main.m; sourceTree = "<group>"; };
		60CDD5162276A09800C501ED /* Image.jpg */ = {isa = PBXFileReference; lastKnownFileType = image.jpeg; path = Image.jpg; sourceTree = "<group>"; };
		60CDD51B2276A0DF00C501ED /* UIImage+ImageEffects.h */ = {isa = PBXFileReference; lastKnownFileType = sourcecode.c.h; path = "UIImage+ImageEffects.h"; sourceTree = "<group>"; };
		60CDD51C2276A0DF00C501ED /* UIImage+ImageEffects.m */ = {isa = PBXFileReference; lastKnownFileType = sourcecode.c.objc; path = "UIImage+ImageEffects.m"; sourceTree = "<group>"; };
/* End PBXFileReference section */

/* Begin PBXFrameworksBuildPhase section */
		60CDD4FA22769F9400C501ED /* Frameworks */ = {
			isa = PBXFrameworksBuildPhase;
			buildActionMask = 2147483647;
			files = (
			);
			runOnlyForDeploymentPostprocessing = 0;
		};
/* End PBXFrameworksBuildPhase section */

/* Begin PBXGroup section */
		60CDD4F422769F9300C501ED = {
			isa = PBXGroup;
			children = (
				60CDD5162276A09800C501ED /* Image.jpg */,
				60CDD4FF22769F9400C501ED /* BlurDemo */,
				60CDD4FE22769F9400C501ED /* Products */,
			);
			sourceTree = "<group>";
		};
		60CDD4FE22769F9400C501ED /* Products */ = {
			isa = PBXGroup;
			children = (
				60CDD4FD22769F9400C501ED /* BlurDemo.app */,
			);
			name = Products;
			sourceTree = "<group>";
		};
		60CDD4FF22769F9400C501ED /* BlurDemo */ = {
			isa = PBXGroup;
			children = (
				60CDD51B2276A0DF00C501ED /* UIImage+ImageEffects.h */,
				60CDD51C2276A0DF00C501ED /* UIImage+ImageEffects.m */,
				60CDD50022769F9400C501ED /* SCTAppDelegate.h */,
				60CDD50122769F9400C501ED /* SCTAppDelegate.m */,
				60CDD50322769F9400C501ED /* SCTViewController.h */,
				60CDD50422769F9400C501ED /* SCTViewController.m */,
				60CDD50622769F9400C501ED /* Main.storyboard */,
				60CDD50922769F9500C501ED /* Assets.xcassets */,
				60CDD50B22769F9500C501ED /* LaunchScreen.storyboard */,
				60CDD50E22769F9500C501ED /* Info.plist */,
				60CDD50F22769F9500C501ED /* main.m */,
			);
			path = BlurDemo;
			sourceTree = "<group>";
		};
/* End PBXGroup section */

/* Begin PBXNativeTarget section */
		60CDD4FC22769F9400C501ED /* BlurDemo */ = {
			isa = PBXNativeTarget;
			buildConfigurationList = 60CDD51322769F9500C501ED /* Build configuration list for PBXNativeTarget "BlurDemo" */;
			buildPhases = (
				60CDD4F922769F9400C501ED /* Sources */,
				60CDD4FA22769F9400C501ED /* Frameworks */,
				60CDD4FB22769F9400C501ED /* Resources */,
			);
			buildRules = (
			);
			dependencies = (
			);
			name = BlurDemo;
			productName = BlurDemo;
			productReference = 60CDD4FD22769F9400C501ED /* BlurDemo.app */;
			productType = "com.apple.product-type.application";
		};
/* End PBXNativeTarget section */

/* Begin PBXProject section */
		60CDD4F522769F9300C501ED /* Project object */ = {
			isa = PBXProject;
			attributes = {
				LastUpgradeCheck = 1010;
				ORGANIZATIONNAME = QinTuanye;
				TargetAttributes = {
					60CDD4FC22769F9400C501ED = {
						CreatedOnToolsVersion = 10.1;
					};
				};
			};
			buildConfigurationList = 60CDD4F822769F9300C501ED /* Build configuration list for PBXProject "BlurDemo" */;
			compatibilityVersion = "Xcode 9.3";
			developmentRegion = en;
			hasScannedForEncodings = 0;
			knownRegions = (
				en,
				Base,
			);
			mainGroup = 60CDD4F422769F9300C501ED;
			productRefGroup = 60CDD4FE22769F9400C501ED /* Products */;
			projectDirPath = "";
			projectRoot = "";
			targets = (
				60CDD4FC22769F9400C501ED /* BlurDemo */,
			);
		};
/* End PBXProject section */

/* Begin PBXResourcesBuildPhase section */
		60CDD4FB22769F9400C501ED /* Resources */ = {
			isa = PBXResourcesBuildPhase;
			buildActionMask = 2147483647;
			files = (
				60CDD50D22769F9500C501ED /* LaunchScreen.storyboard in Resources */,
				60CDD50A22769F9500C501ED /* Assets.xcassets in Resources */,
				60CDD50822769F9400C501ED /* Main.storyboard in Resources */,
				60CDD5172276A09800C501ED /* Image.jpg in Resources */,
			);
			runOnlyForDeploymentPostprocessing = 0;
		};
/* End PBXResourcesBuildPhase section */

/* Begin PBXSourcesBuildPhase section */
		60CDD4F922769F9400C501ED /* Sources */ = {
			isa = PBXSourcesBuildPhase;
			buildActionMask = 2147483647;
			files = (
				60CDD51D2276A0DF00C501ED /* UIImage+ImageEffects.m in Sources */,
				60CDD50522769F9400C501ED /* SCTViewController.m in Sources */,
				60CDD51022769F9500C501ED /* main.m in Sources */,
				60CDD50222769F9400C501ED /* SCTAppDelegate.m in Sources */,
			);
			runOnlyForDeploymentPostprocessing = 0;
		};
/* End PBXSourcesBuildPhase section */

/* Begin PBXVariantGroup section */
		60CDD50622769F9400C501ED /* Main.storyboard */ = {
			isa = PBXVariantGroup;
			children = (
				60CDD50722769F9400C501ED /* Base */,
			);
			name = Main.storyboard;
			sourceTree = "<group>";
		};
		60CDD50B22769F9500C501ED /* LaunchScreen.storyboard */ = {
			isa = PBXVariantGroup;
			children = (
				60CDD50C22769F9500C501ED /* Base */,
			);
			name = LaunchScreen.storyboard;
			sourceTree = "<group>";
		};
/* End PBXVariantGroup section */

/* Begin XCBuildConfiguration section */
		60CDD51122769F9500C501ED /* Debug */ = {
			isa = XCBuildConfiguration;
			buildSettings = {
				ALWAYS_SEARCH_USER_PATHS = NO;
				CLANG_ANALYZER_NONNULL = YES;
				CLANG_ANALYZER_NUMBER_OBJECT_CONVERSION = YES_AGGRESSIVE;
				CLANG_CXX_LANGUAGE_STANDARD = "gnu++14";
				CLANG_CXX_LIBRARY = "libc++";
				CLANG_ENABLE_MODULES = YES;
				CLANG_ENABLE_OBJC_ARC = YES;
				CLANG_ENABLE_OBJC_WEAK = YES;
				CLANG_WARN_BLOCK_CAPTURE_AUTORELEASING = YES;
				CLANG_WARN_BOOL_CONVERSION = YES;
				CLANG_WARN_COMMA = YES;
				CLANG_WARN_CONSTANT_CONVERSION = YES;
				CLANG_WARN_DEPRECATED_OBJC_IMPLEMENTATIONS = YES;
				CLANG_WARN_DIRECT_OBJC_ISA_USAGE = YES_ERROR;
				CLANG_WARN_DOCUMENTATION_COMMENTS = YES;
				CLANG_WARN_EMPTY_BODY = YES;
				CLANG_WARN_ENUM_CONVERSION = YES;
				CLANG_WARN_INFINITE_RECURSION = YES;
				CLANG_WARN_INT_CONVERSION = YES;
				CLANG_WARN_NON_LITERAL_NULL_CONVERSION = YES;
				CLANG_WARN_OBJC_IMPLICIT_RETAIN_SELF = YES;
				CLANG_WARN_OBJC_LITERAL_CONVERSION = YES;
				CLANG_WARN_OBJC_ROOT_CLASS = YES_ERROR;
				CLANG_WARN_RANGE_LOOP_ANALYSIS = YES;
				CLANG_WARN_STRICT_PROTOTYPES = YES;
				CLANG_WARN_SUSPICIOUS_MOVE = YES;
				CLANG_WARN_UNGUARDED_AVAILABILITY = YES_AGGRESSIVE;
				CLANG_WARN_UNREACHABLE_CODE = YES;
				CLANG_WARN__DUPLICATE_METHOD_MATCH = YES;
				CODE_SIGN_IDENTITY = "iPhone Developer";
				COPY_PHASE_STRIP = NO;
				DEBUG_INFORMATION_FORMAT = dwarf;
				ENABLE_STRICT_OBJC_MSGSEND = YES;
				ENABLE_TESTABILITY = YES;
				GCC_C_LANGUAGE_STANDARD = gnu11;
				GCC_DYNAMIC_NO_PIC = NO;
				GCC_NO_COMMON_BLOCKS = YES;
				GCC_OPTIMIZATION_LEVEL = 0;
				GCC_PREPROCESSOR_DEFINITIONS = (
					"DEBUG=1",
					"$(inherited)",
				);
				GCC_WARN_64_TO_32_BIT_CONVERSION = YES;
				GCC_WARN_ABOUT_RETURN_TYPE = YES_ERROR;
				GCC_WARN_UNDECLARED_SELECTOR = YES;
				GCC_WARN_UNINITIALIZED_AUTOS = YES_AGGRESSIVE;
				GCC_WARN_UNUSED_FUNCTION = YES;
				GCC_WARN_UNUSED_VARIABLE = YES;
				IPHONEOS_DEPLOYMENT_TARGET = 12.1;
				MTL_ENABLE_DEBUG_INFO = INCLUDE_SOURCE;
				MTL_FAST_MATH = YES;
				ONLY_ACTIVE_ARCH = YES;
				SDKROOT = iphoneos;
			};
			name = Debug;
		};
		60CDD51222769F9500C501ED /* Release */ = {
			isa = XCBuildConfiguration;
			buildSettings = {
				ALWAYS_SEARCH_USER_PATHS = NO;
				CLANG_ANALYZER_NONNULL = YES;
				CLANG_ANALYZER_NUMBER_OBJECT_CONVERSION = YES_AGGRESSIVE;
				CLANG_CXX_LANGUAGE_STANDARD = "gnu++14";
				CLANG_CXX_LIBRARY = "libc++";
				CLANG_ENABLE_MODULES = YES;
				CLANG_ENABLE_OBJC_ARC = YES;
				CLANG_ENABLE_OBJC_WEAK = YES;
				CLANG_WARN_BLOCK_CAPTURE_AUTORELEASING = YES;
				CLANG_WARN_BOOL_CONVERSION = YES;
				CLANG_WARN_COMMA = YES;
				CLANG_WARN_CONSTANT_CONVERSION = YES;
				CLANG_WARN_DEPRECATED_OBJC_IMPLEMENTATIONS = YES;
				CLANG_WARN_DIRECT_OBJC_ISA_USAGE = YES_ERROR;
				CLANG_WARN_DOCUMENTATION_COMMENTS = YES;
				CLANG_WARN_EMPTY_BODY = YES;
				CLANG_WARN_ENUM_CONVERSION = YES;
				CLANG_WARN_INFINITE_RECURSION = YES;
				CLANG_WARN_INT_CONVERSION = YES;
				CLANG_WARN_NON_LITERAL_NULL_CONVERSION = YES;
				CLANG_WARN_OBJC_IMPLICIT_RETAIN_SELF = YES;
				CLANG_WARN_OBJC_LITERAL_CONVERSION = YES;
				CLANG_WARN_OBJC_ROOT_CLASS = YES_ERROR;
				CLANG_WARN_RANGE_LOOP_ANALYSIS = YES;
				CLANG_WARN_STRICT_PROTOTYPES = YES;
				CLANG_WARN_SUSPICIOUS_MOVE = YES;
				CLANG_WARN_UNGUARDED_AVAILABILITY = YES_AGGRESSIVE;
				CLANG_WARN_UNREACHABLE_CODE = YES;
				CLANG_WARN__DUPLICATE_METHOD_MATCH = YES;
				CODE_SIGN_IDENTITY = "iPhone Developer";
				COPY_PHASE_STRIP = NO;
				DEBUG_INFORMATION_FORMAT = "dwarf-with-dsym";
				ENABLE_NS_ASSERTIONS = NO;
				ENABLE_STRICT_OBJC_MSGSEND = YES;
				GCC_C_LANGUAGE_STANDARD = gnu11;
				GCC_NO_COMMON_BLOCKS = YES;
				GCC_WARN_64_TO_32_BIT_CONVERSION = YES;
				GCC_WARN_ABOUT_RETURN_TYPE = YES_ERROR;
				GCC_WARN_UNDECLARED_SELECTOR = YES;
				GCC_WARN_UNINITIALIZED_AUTOS = YES_AGGRESSIVE;
				GCC_WARN_UNUSED_FUNCTION = YES;
				GCC_WARN_UNUSED_VARIABLE = YES;
				IPHONEOS_DEPLOYMENT_TARGET = 12.1;
				MTL_ENABLE_DEBUG_INFO = NO;
				MTL_FAST_MATH = YES;
				SDKROOT = iphoneos;
				VALIDATE_PRODUCT = YES;
			};
			name = Release;
		};
		60CDD51422769F9500C501ED /* Debug */ = {
			isa = XCBuildConfiguration;
			buildSettings = {
				ASSETCATALOG_COMPILER_APPICON_NAME = AppIcon;
				CODE_SIGN_STYLE = Automatic;
				DEVELOPMENT_TEAM = V36526T8FR;
				INFOPLIST_FILE = BlurDemo/Info.plist;
				LD_RUNPATH_SEARCH_PATHS = (
					"$(inherited)",
					"@executable_path/Frameworks",
				);
				PRODUCT_BUNDLE_IDENTIFIER = com.yuntian.BlurDemo;
				PRODUCT_NAME = "$(TARGET_NAME)";
				TARGETED_DEVICE_FAMILY = "1,2";
			};
			name = Debug;
		};
		60CDD51522769F9500C501ED /* Release */ = {
			isa = XCBuildConfiguration;
			buildSettings = {
				ASSETCATALOG_COMPILER_APPICON_NAME = AppIcon;
				CODE_SIGN_STYLE = Automatic;
				DEVELOPMENT_TEAM = V36526T8FR;
				INFOPLIST_FILE = BlurDemo/Info.plist;
				LD_RUNPATH_SEARCH_PATHS = (
					"$(inherited)",
					"@executable_path/Frameworks",
				);
				PRODUCT_BUNDLE_IDENTIFIER = com.yuntian.BlurDemo;
				PRODUCT_NAME = "$(TARGET_NAME)";
				TARGETED_DEVICE_FAMILY = "1,2";
			};
			name = Release;
		};
/* End XCBuildConfiguration section */

/* Begin XCConfigurationList section */
		60CDD4F822769F9300C501ED /* Build configuration list for PBXProject "BlurDemo" */ = {
			isa = XCConfigurationList;
			buildConfigurations = (
				60CDD51122769F9500C501ED /* Debug */,
				60CDD51222769F9500C501ED /* Release */,
			);
			defaultConfigurationIsVisible = 0;
			defaultConfigurationName = Release;
		};
		60CDD51322769F9500C501ED /* Build configuration list for PBXNativeTarget "BlurDemo" */ = {
			isa = XCConfigurationList;
			buildConfigurations = (
				60CDD51422769F9500C501ED /* Debug */,
				60CDD51522769F9500C501ED /* Release */,
			);
			defaultConfigurationIsVisible = 0;
			defaultConfigurationName = Release;
		};
/* End XCConfigurationList section */
	};
	rootObject = 60CDD4F522769F9300C501ED /* Project object */;
}
